
Microsoft Visual Studio Solution File, Format Version 12.00
# Visual Studio Version 16
VisualStudioVersion = 16.0.31112.23
MinimumVisualStudioVersion = 10.0.40219.1
Project("{FAE04EC0-301F-11D3-BF4B-00C04F79EFBC}") = "GeneralizedForm", "GeneralizedForm.csproj", "{3453397E-82DB-4CC9-A871-A2B865150540}"
EndProject
Global
	GlobalSection(SolutionConfigurationPlatforms) = preSolution
		Debug|Any CPU = Debug|Any CPU
		Release|Any CPU = Release|Any CPU
	EndGlobalSection
	GlobalSection(ProjectConfigurationPlatforms) = postSolution
		{3453397E-82DB-4CC9-A871-A2B865150540}.Debug|Any CPU.ActiveCfg = Debug|Any CPU
		{3453397E-82DB-4CC9-A871-A2B865150540}.Debug|Any CPU.Build.0 = Debug|Any CPU
		{3453397E-82DB-4CC9-A871-A2B865150540}.Release|Any CPU.ActiveCfg = Release|Any CPU
		{3453397E-82DB-4CC9-A871-A2B865150540}.Release|Any CPU.Build.0 = Release|Any CPU
	EndGlobalSection
	GlobalSection(SolutionProperties) = preSolution
		HideSolutionNode = FALSE
	EndGlobalSection
	GlobalSection(ExtensibilityGlobals) = postSolution
		SolutionGuid = {65C83B21-4854-46A0-8378-DE0ECD6BDF12}
	EndGlobalSection
EndGlobal
